
Microsoft Visual Studio Solution File, Format Version 12.00
# Visual Studio 15
VisualStudioVersion = 15.0.28307.645
MinimumVisualStudioVersion = 10.0.40219.1
Project("{FAE04EC0-301F-11D3-BF4B-00C04F79EFBC}") = "JD.BlogCodeFirst", "JD.BlogCodeFirst\JD.BlogCodeFirst.csproj", "{2AED42FE-4E7E-43D4-9AF0-69F7AFB39139}"
EndProject
Global
	GlobalSection(SolutionConfigurationPlatforms) = preSolution
		Debug|Any CPU = Debug|Any CPU
		Release|Any CPU = Release|Any CPU
	EndGlobalSection
	GlobalSection(ProjectConfigurationPlatforms) = postSolution
		{2AED42FE-4E7E-43D4-9AF0-69F7AFB39139}.Debug|Any CPU.ActiveCfg = Debug|Any CPU
		{2AED42FE-4E7E-43D4-9AF0-69F7AFB39139}.Debug|Any CPU.Build.0 = Debug|Any CPU
		{2AED42FE-4E7E-43D4-9AF0-69F7AFB39139}.Release|Any CPU.ActiveCfg = Release|Any CPU
		{2AED42FE-4E7E-43D4-9AF0-69F7AFB39139}.Release|Any CPU.Build.0 = Release|Any CPU
	EndGlobalSection
	GlobalSection(SolutionProperties) = preSolution
		HideSolutionNode = FALSE
	EndGlobalSection
	GlobalSection(ExtensibilityGlobals) = postSolution
		SolutionGuid = {B2FF5E2D-DA3B-4D64-9E7D-859BBEC78657}
	EndGlobalSection
EndGlobal
